
Microsoft Visual Studio Solution File, Format Version 12.00
# Visual Studio Version 16
VisualStudioVersion = 16.0.30011.22
MinimumVisualStudioVersion = 15.0.26124.0
Project("{2150E333-8FDC-42A3-9474-1A3956D46DE8}") = "Tests", "Tests", "{F6333F66-7144-4C18-8A97-3A2BCE41FE04}"
EndProject
Project("{FAE04EC0-301F-11D3-BF4B-00C04F79EFBC}") = "Hora.Core.Tests", "Tests\Hora.Core.Tests\Hora.Core.Tests.csproj", "{5C0329C1-E8AB-49DB-B96A-96CFD9F11F13}"
EndProject
Project("{FAE04EC0-301F-11D3-BF4B-00C04F79EFBC}") = "Hora.Core", "Hora.Core\Hora.Core.csproj", "{3799D740-6DB1-4EF6-B10F-889A0E2567DC}"
EndProject
Global
	GlobalSection(SolutionConfigurationPlatforms) = preSolution
		Debug|Any CPU = Debug|Any CPU
		Debug|x64 = Debug|x64
		Debug|x86 = Debug|x86
		Release|Any CPU = Release|Any CPU
		Release|x64 = Release|x64
		Release|x86 = Release|x86
	EndGlobalSection
	GlobalSection(ProjectConfigurationPlatforms) = postSolution
		{5C0329C1-E8AB-49DB-B96A-96CFD9F11F13}.Debug|Any CPU.ActiveCfg = Debug|Any CPU
		{5C0329C1-E8AB-49DB-B96A-96CFD9F11F13}.Debug|Any CPU.Build.0 = Debug|Any CPU
		{5C0329C1-E8AB-49DB-B96A-96CFD9F11F13}.Debug|x64.ActiveCfg = Debug|Any CPU
		{5C0329C1-E8AB-49DB-B96A-96CFD9F11F13}.Debug|x64.Build.0 = Debug|Any CPU
		{5C0329C1-E8AB-49DB-B96A-96CFD9F11F13}.Debug|x86.ActiveCfg = Debug|Any CPU
		{5C0329C1-E8AB-49DB-B96A-96CFD9F11F13}.Debug|x86.Build.0 = Debug|Any CPU
		{5C0329C1-E8AB-49DB-B96A-96CFD9F11F13}.Release|Any CPU.ActiveCfg = Release|Any CPU
		{5C0329C1-E8AB-49DB-B96A-96CFD9F11F13}.Release|Any CPU.Build.0 = Release|Any CPU
		{5C0329C1-E8AB-49DB-B96A-96CFD9F11F13}.Release|x64.ActiveCfg = Release|Any CPU
		{5C0329C1-E8AB-49DB-B96A-96CFD9F11F13}.Release|x64.Build.0 = Release|Any CPU
		{5C0329C1-E8AB-49DB-B96A-96CFD9F11F13}.Release|x86.ActiveCfg = Release|Any CPU
		{5C0329C1-E8AB-49DB-B96A-96CFD9F11F13}.Release|x86.Build.0 = Release|Any CPU
		{3799D740-6DB1-4EF6-B10F-889A0E2567DC}.Debug|Any CPU.ActiveCfg = Debug|Any CPU
		{3799D740-6DB1-4EF6-B10F-889A0E2567DC}.Debug|Any CPU.Build.0 = Debug|Any CPU
		{3799D740-6DB1-4EF6-B10F-889A0E2567DC}.Debug|x64.ActiveCfg = Debug|Any CPU
		{3799D740-6DB1-4EF6-B10F-889A0E2567DC}.Debug|x64.Build.0 = Debug|Any CPU
		{3799D740-6DB1-4EF6-B10F-889A0E2567DC}.Debug|x86.ActiveCfg = Debug|Any CPU
		{3799D740-6DB1-4EF6-B10F-889A0E2567DC}.Debug|x86.Build.0 = Debug|Any CPU
		{3799D740-6DB1-4EF6-B10F-889A0E2567DC}.Release|Any CPU.ActiveCfg = Release|Any CPU
		{3799D740-6DB1-4EF6-B10F-889A0E2567DC}.Release|Any CPU.Build.0 = Release|Any CPU
		{3799D740-6DB1-4EF6-B10F-889A0E2567DC}.Release|x64.ActiveCfg = Release|Any CPU
		{3799D740-6DB1-4EF6-B10F-889A0E2567DC}.Release|x64.Build.0 = Release|Any CPU
		{3799D740-6DB1-4EF6-B10F-889A0E2567DC}.Release|x86.ActiveCfg = Release|Any CPU
		{3799D740-6DB1-4EF6-B10F-889A0E2567DC}.Release|x86.Build.0 = Release|Any CPU
	EndGlobalSection
	GlobalSection(SolutionProperties) = preSolution
		HideSolutionNode = FALSE
	EndGlobalSection
	GlobalSection(NestedProjects) = preSolution
		{5C0329C1-E8AB-49DB-B96A-96CFD9F11F13} = {F6333F66-7144-4C18-8A97-3A2BCE41FE04}
	EndGlobalSection
	GlobalSection(ExtensibilityGlobals) = postSolution
		SolutionGuid = {4D569E21-0A44-4D53-A404-3C3A73A7F29E}
	EndGlobalSection
EndGlobal
